// !$*UTF8*$!
{
	archiveVersion = 1;
	classes = {
	};
	objectVersion = 56;
	objects = {

/* Begin PBXBuildFile section */
		832ABAD52A0C856800CB5214 /* Luxmi_iOSApp.swift in Sources */ = {isa = PBXBuildFile; fileRef = 832ABAD42A0C856800CB5214 /* Luxmi_iOSApp.swift */; };
		832ABAD72A0C856800CB5214 /* ContentView.swift in Sources */ = {isa = PBXBuildFile; fileRef = 832ABAD62A0C856800CB5214 /* ContentView.swift */; };
		832ABAD92A0C856A00CB5214 /* Assets.xcassets in Resources */ = {isa = PBXBuildFile; fileRef = 832ABAD82A0C856A00CB5214 /* Assets.xcassets */; };
		832ABADD2A0C856A00CB5214 /* Preview Assets.xcassets in Resources */ = {isa = PBXBuildFile; fileRef = 832ABADC2A0C856A00CB5214 /* Preview Assets.xcassets */; };
		832ABAE42A0C8CBE00CB5214 /* GoogleService-Info.plist in Resources */ = {isa = PBXBuildFile; fileRef = 832ABAE32A0C8CBE00CB5214 /* GoogleService-Info.plist */; };
		832ABAE72A0C8DF100CB5214 /* FirebaseAnalytics in Frameworks */ = {isa = PBXBuildFile; productRef = 832ABAE62A0C8DF100CB5214 /* FirebaseAnalytics */; };
		832ABAE92A0C8DF100CB5214 /* FirebaseAnalyticsSwift in Frameworks */ = {isa = PBXBuildFile; productRef = 832ABAE82A0C8DF100CB5214 /* FirebaseAnalyticsSwift */; };
		832ABAEC2A0C990000CB5214 /* FirebaseAuth in Frameworks */ = {isa = PBXBuildFile; productRef = 832ABAEB2A0C990000CB5214 /* FirebaseAuth */; };
		832ABAEF2A0C99E400CB5214 /* Welcome.swift in Sources */ = {isa = PBXBuildFile; fileRef = 832ABAEE2A0C99E400CB5214 /* Welcome.swift */; };
		832ABAF12A0C9D0F00CB5214 /* SignInEmailView.swift in Sources */ = {isa = PBXBuildFile; fileRef = 832ABAF02A0C9D0F00CB5214 /* SignInEmailView.swift */; };
		832ABAF32A0CA65900CB5214 /* AuthenticationManager.swift in Sources */ = {isa = PBXBuildFile; fileRef = 832ABAF22A0CA65900CB5214 /* AuthenticationManager.swift */; };
		832ABAF52A0CBB8A00CB5214 /* RootView.swift in Sources */ = {isa = PBXBuildFile; fileRef = 832ABAF42A0CBB8A00CB5214 /* RootView.swift */; };
		832ABAF72A0CC2B800CB5214 /* SettingsView.swift in Sources */ = {isa = PBXBuildFile; fileRef = 832ABAF62A0CC2B800CB5214 /* SettingsView.swift */; };
		833D00202A12CC7C009117B1 /* SignInGoogleHelper.swift in Sources */ = {isa = PBXBuildFile; fileRef = 833D001F2A12CC7C009117B1 /* SignInGoogleHelper.swift */; };
		835C3FDE2A10955000CF2F39 /* GoogleSignIn in Frameworks */ = {isa = PBXBuildFile; productRef = 835C3FDD2A10955000CF2F39 /* GoogleSignIn */; };
		835C3FE02A10955000CF2F39 /* GoogleSignInSwift in Frameworks */ = {isa = PBXBuildFile; productRef = 835C3FDF2A10955000CF2F39 /* GoogleSignInSwift */; };
		835C3FE52A12BCDF00CF2F39 /* Utilities.swift in Sources */ = {isa = PBXBuildFile; fileRef = 835C3FE42A12BCDF00CF2F39 /* Utilities.swift */; };
		83D652352A15FFF9009C97F8 /* SignInAppleHelper.swift in Sources */ = {isa = PBXBuildFile; fileRef = 83D652342A15FFF9009C97F8 /* SignInAppleHelper.swift */; };
/* End PBXBuildFile section */

/* Begin PBXFileReference section */
		832ABAD12A0C856800CB5214 /* Luxmi_iOS.app */ = {isa = PBXFileReference; explicitFileType = wrapper.application; includeInIndex = 0; path = Luxmi_iOS.app; sourceTree = BUILT_PRODUCTS_DIR; };
		832ABAD42A0C856800CB5214 /* Luxmi_iOSApp.swift */ = {isa = PBXFileReference; lastKnownFileType = sourcecode.swift; path = Luxmi_iOSApp.swift; sourceTree = "<group>"; };
		832ABAD62A0C856800CB5214 /* ContentView.swift */ = {isa = PBXFileReference; lastKnownFileType = sourcecode.swift; path = ContentView.swift; sourceTree = "<group>"; };
		832ABAD82A0C856A00CB5214 /* Assets.xcassets */ = {isa = PBXFileReference; lastKnownFileType = folder.assetcatalog; path = Assets.xcassets; sourceTree = "<group>"; };
		832ABADA2A0C856A00CB5214 /* Luxmi_iOS.entitlements */ = {isa = PBXFileReference; lastKnownFileType = text.plist.entitlements; path = Luxmi_iOS.entitlements; sourceTree = "<group>"; };
		832ABADC2A0C856A00CB5214 /* Preview Assets.xcassets */ = {isa = PBXFileReference; lastKnownFileType = folder.assetcatalog; path = "Preview Assets.xcassets"; sourceTree = "<group>"; };
		832ABAE32A0C8CBE00CB5214 /* GoogleService-Info.plist */ = {isa = PBXFileReference; fileEncoding = 4; lastKnownFileType = text.plist.xml; path = "GoogleService-Info.plist"; sourceTree = "<group>"; };
		832ABAEE2A0C99E400CB5214 /* Welcome.swift */ = {isa = PBXFileReference; lastKnownFileType = sourcecode.swift; path = Welcome.swift; sourceTree = "<group>"; };
		832ABAF02A0C9D0F00CB5214 /* SignInEmailView.swift */ = {isa = PBXFileReference; lastKnownFileType = sourcecode.swift; path = SignInEmailView.swift; sourceTree = "<group>"; };
		832ABAF22A0CA65900CB5214 /* AuthenticationManager.swift */ = {isa = PBXFileReference; lastKnownFileType = sourcecode.swift; path = AuthenticationManager.swift; sourceTree = "<group>"; };
		832ABAF42A0CBB8A00CB5214 /* RootView.swift */ = {isa = PBXFileReference; lastKnownFileType = sourcecode.swift; path = RootView.swift; sourceTree = "<group>"; };
		832ABAF62A0CC2B800CB5214 /* SettingsView.swift */ = {isa = PBXFileReference; lastKnownFileType = sourcecode.swift; path = SettingsView.swift; sourceTree = "<group>"; };
		833D001F2A12CC7C009117B1 /* SignInGoogleHelper.swift */ = {isa = PBXFileReference; lastKnownFileType = sourcecode.swift; path = SignInGoogleHelper.swift; sourceTree = "<group>"; };
		835C3FE12A1095AB00CF2F39 /* Luxmi-iOS-Info.plist */ = {isa = PBXFileReference; lastKnownFileType = text.plist; path = "Luxmi-iOS-Info.plist"; sourceTree = SOURCE_ROOT; };
		835C3FE42A12BCDF00CF2F39 /* Utilities.swift */ = {isa = PBXFileReference; lastKnownFileType = sourcecode.swift; path = Utilities.swift; sourceTree = "<group>"; };
		83D652342A15FFF9009C97F8 /* SignInAppleHelper.swift */ = {isa = PBXFileReference; lastKnownFileType = sourcecode.swift; path = SignInAppleHelper.swift; sourceTree = "<group>"; };
/* End PBXFileReference section */

/* Begin PBXFrameworksBuildPhase section */
		832ABACE2A0C856800CB5214 /* Frameworks */ = {
			isa = PBXFrameworksBuildPhase;
			buildActionMask = 2147483647;
			files = (
				835C3FDE2A10955000CF2F39 /* GoogleSignIn in Frameworks */,
				832ABAE92A0C8DF100CB5214 /* FirebaseAnalyticsSwift in Frameworks */,
				835C3FE02A10955000CF2F39 /* GoogleSignInSwift in Frameworks */,
				832ABAEC2A0C990000CB5214 /* FirebaseAuth in Frameworks */,
				832ABAE72A0C8DF100CB5214 /* FirebaseAnalytics in Frameworks */,
			);
			runOnlyForDeploymentPostprocessing = 0;
		};
/* End PBXFrameworksBuildPhase section */

/* Begin PBXGroup section */
		832ABAC82A0C856800CB5214 = {
			isa = PBXGroup;
			children = (
				832ABAD32A0C856800CB5214 /* Luxmi_iOS */,
				832ABAD22A0C856800CB5214 /* Products */,
				832ABAEA2A0C990000CB5214 /* Frameworks */,
			);
			sourceTree = "<group>";
		};
		832ABAD22A0C856800CB5214 /* Products */ = {
			isa = PBXGroup;
			children = (
				832ABAD12A0C856800CB5214 /* Luxmi_iOS.app */,
			);
			name = Products;
			sourceTree = "<group>";
		};
		832ABAD32A0C856800CB5214 /* Luxmi_iOS */ = {
			isa = PBXGroup;
			children = (
				835C3FE12A1095AB00CF2F39 /* Luxmi-iOS-Info.plist */,
				832ABAE32A0C8CBE00CB5214 /* GoogleService-Info.plist */,
				835C3FE32A12BCA700CF2F39 /* Utilies */,
				832ABAD42A0C856800CB5214 /* Luxmi_iOSApp.swift */,
				832ABAED2A0C996C00CB5214 /* Authentication */,
				832ABAD62A0C856800CB5214 /* ContentView.swift */,
				832ABAD82A0C856A00CB5214 /* Assets.xcassets */,
				832ABADA2A0C856A00CB5214 /* Luxmi_iOS.entitlements */,
				832ABADB2A0C856A00CB5214 /* Preview Content */,
			);
			path = Luxmi_iOS;
			sourceTree = "<group>";
		};
		832ABADB2A0C856A00CB5214 /* Preview Content */ = {
			isa = PBXGroup;
			children = (
				832ABADC2A0C856A00CB5214 /* Preview Assets.xcassets */,
			);
			path = "Preview Content";
			sourceTree = "<group>";
		};
		832ABAEA2A0C990000CB5214 /* Frameworks */ = {
			isa = PBXGroup;
			children = (
			);
			name = Frameworks;
			sourceTree = "<group>";
		};
		832ABAED2A0C996C00CB5214 /* Authentication */ = {
			isa = PBXGroup;
			children = (
				832ABAEE2A0C99E400CB5214 /* Welcome.swift */,
				83D652342A15FFF9009C97F8 /* SignInAppleHelper.swift */,
				832ABAF02A0C9D0F00CB5214 /* SignInEmailView.swift */,
				833D001F2A12CC7C009117B1 /* SignInGoogleHelper.swift */,
				832ABAF22A0CA65900CB5214 /* AuthenticationManager.swift */,
				832ABAF42A0CBB8A00CB5214 /* RootView.swift */,
				832ABAF62A0CC2B800CB5214 /* SettingsView.swift */,
			);
			path = Authentication;
			sourceTree = "<group>";
		};
		835C3FE32A12BCA700CF2F39 /* Utilies */ = {
			isa = PBXGroup;
			children = (
				835C3FE42A12BCDF00CF2F39 /* Utilities.swift */,
			);
			path = Utilies;
			sourceTree = "<group>";
		};
/* End PBXGroup section */

/* Begin PBXNativeTarget section */
		832ABAD02A0C856800CB5214 /* Luxmi_iOS */ = {
			isa = PBXNativeTarget;
			buildConfigurationList = 832ABAE02A0C856A00CB5214 /* Build configuration list for PBXNativeTarget "Luxmi_iOS" */;
			buildPhases = (
				832ABACD2A0C856800CB5214 /* Sources */,
				832ABACE2A0C856800CB5214 /* Frameworks */,
				832ABACF2A0C856800CB5214 /* Resources */,
			);
			buildRules = (
			);
			dependencies = (
			);
			name = Luxmi_iOS;
			packageProductDependencies = (
				832ABAE62A0C8DF100CB5214 /* FirebaseAnalytics */,
				832ABAE82A0C8DF100CB5214 /* FirebaseAnalyticsSwift */,
				832ABAEB2A0C990000CB5214 /* FirebaseAuth */,
				835C3FDD2A10955000CF2F39 /* GoogleSignIn */,
				835C3FDF2A10955000CF2F39 /* GoogleSignInSwift */,
			);
			productName = Luxmi_iOS;
			productReference = 832ABAD12A0C856800CB5214 /* Luxmi_iOS.app */;
			productType = "com.apple.product-type.application";
		};
/* End PBXNativeTarget section */

/* Begin PBXProject section */
		832ABAC92A0C856800CB5214 /* Project object */ = {
			isa = PBXProject;
			attributes = {
				BuildIndependentTargetsInParallel = 1;
				LastSwiftUpdateCheck = 1430;
				LastUpgradeCheck = 1430;
				TargetAttributes = {
					832ABAD02A0C856800CB5214 = {
						CreatedOnToolsVersion = 14.3;
					};
				};
			};
			buildConfigurationList = 832ABACC2A0C856800CB5214 /* Build configuration list for PBXProject "Luxmi_iOS" */;
			compatibilityVersion = "Xcode 14.0";
			developmentRegion = en;
			hasScannedForEncodings = 0;
			knownRegions = (
				en,
				Base,
			);
			mainGroup = 832ABAC82A0C856800CB5214;
			packageReferences = (
				832ABAE52A0C8DF100CB5214 /* XCRemoteSwiftPackageReference "firebase-ios-sdk" */,
				835C3FDC2A10955000CF2F39 /* XCRemoteSwiftPackageReference "GoogleSignin-iOS" */,
			);
			productRefGroup = 832ABAD22A0C856800CB5214 /* Products */;
			projectDirPath = "";
			projectRoot = "";
			targets = (
				832ABAD02A0C856800CB5214 /* Luxmi_iOS */,
			);
		};
/* End PBXProject section */

/* Begin PBXResourcesBuildPhase section */
		832ABACF2A0C856800CB5214 /* Resources */ = {
			isa = PBXResourcesBuildPhase;
			buildActionMask = 2147483647;
			files = (
				832ABADD2A0C856A00CB5214 /* Preview Assets.xcassets in Resources */,
				832ABAE42A0C8CBE00CB5214 /* GoogleService-Info.plist in Resources */,
				832ABAD92A0C856A00CB5214 /* Assets.xcassets in Resources */,
			);
			runOnlyForDeploymentPostprocessing = 0;
		};
/* End PBXResourcesBuildPhase section */

/* Begin PBXSourcesBuildPhase section */
		832ABACD2A0C856800CB5214 /* Sources */ = {
			isa = PBXSourcesBuildPhase;
			buildActionMask = 2147483647;
			files = (
				832ABAF72A0CC2B800CB5214 /* SettingsView.swift in Sources */,
				832ABAEF2A0C99E400CB5214 /* Welcome.swift in Sources */,
				832ABAD72A0C856800CB5214 /* ContentView.swift in Sources */,
				832ABAF52A0CBB8A00CB5214 /* RootView.swift in Sources */,
				833D00202A12CC7C009117B1 /* SignInGoogleHelper.swift in Sources */,
				832ABAD52A0C856800CB5214 /* Luxmi_iOSApp.swift in Sources */,
				832ABAF32A0CA65900CB5214 /* AuthenticationManager.swift in Sources */,
				835C3FE52A12BCDF00CF2F39 /* Utilities.swift in Sources */,
				83D652352A15FFF9009C97F8 /* SignInAppleHelper.swift in Sources */,
				832ABAF12A0C9D0F00CB5214 /* SignInEmailView.swift in Sources */,
			);
			runOnlyForDeploymentPostprocessing = 0;
		};
/* End PBXSourcesBuildPhase section */

/* Begin XCBuildConfiguration section */
		832ABADE2A0C856A00CB5214 /* Debug */ = {
			isa = XCBuildConfiguration;
			buildSettings = {
				ALWAYS_SEARCH_USER_PATHS = NO;
				CLANG_ANALYZER_NONNULL = YES;
				CLANG_ANALYZER_NUMBER_OBJECT_CONVERSION = YES_AGGRESSIVE;
				CLANG_CXX_LANGUAGE_STANDARD = "gnu++20";
				CLANG_ENABLE_MODULES = YES;
				CLANG_ENABLE_OBJC_ARC = YES;
				CLANG_ENABLE_OBJC_WEAK = YES;
				CLANG_WARN_BLOCK_CAPTURE_AUTORELEASING = YES;
				CLANG_WARN_BOOL_CONVERSION = YES;
				CLANG_WARN_COMMA = YES;
				CLANG_WARN_CONSTANT_CONVERSION = YES;
				CLANG_WARN_DEPRECATED_OBJC_IMPLEMENTATIONS = YES;
				CLANG_WARN_DIRECT_OBJC_ISA_USAGE = YES_ERROR;
				CLANG_WARN_DOCUMENTATION_COMMENTS = YES;
				CLANG_WARN_EMPTY_BODY = YES;
				CLANG_WARN_ENUM_CONVERSION = YES;
				CLANG_WARN_INFINITE_RECURSION = YES;
				CLANG_WARN_INT_CONVERSION = YES;
				CLANG_WARN_NON_LITERAL_NULL_CONVERSION = YES;
				CLANG_WARN_OBJC_IMPLICIT_RETAIN_SELF = YES;
				CLANG_WARN_OBJC_LITERAL_CONVERSION = YES;
				CLANG_WARN_OBJC_ROOT_CLASS = YES_ERROR;
				CLANG_WARN_QUOTED_INCLUDE_IN_FRAMEWORK_HEADER = YES;
				CLANG_WARN_RANGE_LOOP_ANALYSIS = YES;
				CLANG_WARN_STRICT_PROTOTYPES = YES;
				CLANG_WARN_SUSPICIOUS_MOVE = YES;
				CLANG_WARN_UNGUARDED_AVAILABILITY = YES_AGGRESSIVE;
				CLANG_WARN_UNREACHABLE_CODE = YES;
				CLANG_WARN__DUPLICATE_METHOD_MATCH = YES;
				COPY_PHASE_STRIP = NO;
				DEBUG_INFORMATION_FORMAT = dwarf;
				ENABLE_STRICT_OBJC_MSGSEND = YES;
				ENABLE_TESTABILITY = YES;
				GCC_C_LANGUAGE_STANDARD = gnu11;
				GCC_DYNAMIC_NO_PIC = NO;
				GCC_NO_COMMON_BLOCKS = YES;
				GCC_OPTIMIZATION_LEVEL = 0;
				GCC_PREPROCESSOR_DEFINITIONS = (
					"DEBUG=1",
					"$(inherited)",
				);
				GCC_WARN_64_TO_32_BIT_CONVERSION = YES;
				GCC_WARN_ABOUT_RETURN_TYPE = YES_ERROR;
				GCC_WARN_UNDECLARED_SELECTOR = YES;
				GCC_WARN_UNINITIALIZED_AUTOS = YES_AGGRESSIVE;
				GCC_WARN_UNUSED_FUNCTION = YES;
				GCC_WARN_UNUSED_VARIABLE = YES;
				MTL_ENABLE_DEBUG_INFO = INCLUDE_SOURCE;
				MTL_FAST_MATH = YES;
				ONLY_ACTIVE_ARCH = YES;
				SWIFT_ACTIVE_COMPILATION_CONDITIONS = DEBUG;
				SWIFT_OPTIMIZATION_LEVEL = "-Onone";
			};
			name = Debug;
		};
		832ABADF2A0C856A00CB5214 /* Release */ = {
			isa = XCBuildConfiguration;
			buildSettings = {
				ALWAYS_SEARCH_USER_PATHS = NO;
				CLANG_ANALYZER_NONNULL = YES;
				CLANG_ANALYZER_NUMBER_OBJECT_CONVERSION = YES_AGGRESSIVE;
				CLANG_CXX_LANGUAGE_STANDARD = "gnu++20";
				CLANG_ENABLE_MODULES = YES;
				CLANG_ENABLE_OBJC_ARC = YES;
				CLANG_ENABLE_OBJC_WEAK = YES;
				CLANG_WARN_BLOCK_CAPTURE_AUTORELEASING = YES;
				CLANG_WARN_BOOL_CONVERSION = YES;
				CLANG_WARN_COMMA = YES;
				CLANG_WARN_CONSTANT_CONVERSION = YES;
				CLANG_WARN_DEPRECATED_OBJC_IMPLEMENTATIONS = YES;
				CLANG_WARN_DIRECT_OBJC_ISA_USAGE = YES_ERROR;
				CLANG_WARN_DOCUMENTATION_COMMENTS = YES;
				CLANG_WARN_EMPTY_BODY = YES;
				CLANG_WARN_ENUM_CONVERSION = YES;
				CLANG_WARN_INFINITE_RECURSION = YES;
				CLANG_WARN_INT_CONVERSION = YES;
				CLANG_WARN_NON_LITERAL_NULL_CONVERSION = YES;
				CLANG_WARN_OBJC_IMPLICIT_RETAIN_SELF = YES;
				CLANG_WARN_OBJC_LITERAL_CONVERSION = YES;
				CLANG_WARN_OBJC_ROOT_CLASS = YES_ERROR;
				CLANG_WARN_QUOTED_INCLUDE_IN_FRAMEWORK_HEADER = YES;
				CLANG_WARN_RANGE_LOOP_ANALYSIS = YES;
				CLANG_WARN_STRICT_PROTOTYPES = YES;
				CLANG_WARN_SUSPICIOUS_MOVE = YES;
				CLANG_WARN_UNGUARDED_AVAILABILITY = YES_AGGRESSIVE;
				CLANG_WARN_UNREACHABLE_CODE = YES;
				CLANG_WARN__DUPLICATE_METHOD_MATCH = YES;
				COPY_PHASE_STRIP = NO;
				DEBUG_INFORMATION_FORMAT = "dwarf-with-dsym";
				ENABLE_NS_ASSERTIONS = NO;
				ENABLE_STRICT_OBJC_MSGSEND = YES;
				GCC_C_LANGUAGE_STANDARD = gnu11;
				GCC_NO_COMMON_BLOCKS = YES;
				GCC_WARN_64_TO_32_BIT_CONVERSION = YES;
				GCC_WARN_ABOUT_RETURN_TYPE = YES_ERROR;
				GCC_WARN_UNDECLARED_SELECTOR = YES;
				GCC_WARN_UNINITIALIZED_AUTOS = YES_AGGRESSIVE;
				GCC_WARN_UNUSED_FUNCTION = YES;
				GCC_WARN_UNUSED_VARIABLE = YES;
				MTL_ENABLE_DEBUG_INFO = NO;
				MTL_FAST_MATH = YES;
				SWIFT_COMPILATION_MODE = wholemodule;
				SWIFT_OPTIMIZATION_LEVEL = "-O";
			};
			name = Release;
		};
		832ABAE12A0C856A00CB5214 /* Debug */ = {
			isa = XCBuildConfiguration;
			buildSettings = {
				ASSETCATALOG_COMPILER_APPICON_NAME = AppIcon;
				ASSETCATALOG_COMPILER_GLOBAL_ACCENT_COLOR_NAME = AccentColor;
				CODE_SIGN_ENTITLEMENTS = Luxmi_iOS/Luxmi_iOS.entitlements;
				CODE_SIGN_IDENTITY = "Apple Development";
				CODE_SIGN_STYLE = Automatic;
				CURRENT_PROJECT_VERSION = 1;
				DEVELOPMENT_ASSET_PATHS = "\"Luxmi_iOS/Preview Content\"";
				DEVELOPMENT_TEAM = ZA8B4R878A;
				ENABLE_HARDENED_RUNTIME = YES;
				ENABLE_PREVIEWS = YES;
				GENERATE_INFOPLIST_FILE = YES;
				INFOPLIST_FILE = "Luxmi-iOS-Info.plist";
				INFOPLIST_KEY_LSApplicationCategoryType = "public.app-category.finance";
				"INFOPLIST_KEY_UIApplicationSceneManifest_Generation[sdk=iphoneos*]" = YES;
				"INFOPLIST_KEY_UIApplicationSceneManifest_Generation[sdk=iphonesimulator*]" = YES;
				"INFOPLIST_KEY_UIApplicationSupportsIndirectInputEvents[sdk=iphoneos*]" = YES;
				"INFOPLIST_KEY_UIApplicationSupportsIndirectInputEvents[sdk=iphonesimulator*]" = YES;
				"INFOPLIST_KEY_UILaunchScreen_Generation[sdk=iphoneos*]" = YES;
				"INFOPLIST_KEY_UILaunchScreen_Generation[sdk=iphonesimulator*]" = YES;
				"INFOPLIST_KEY_UIStatusBarStyle[sdk=iphoneos*]" = UIStatusBarStyleDefault;
				"INFOPLIST_KEY_UIStatusBarStyle[sdk=iphonesimulator*]" = UIStatusBarStyleDefault;
				INFOPLIST_KEY_UISupportedInterfaceOrientations_iPad = "UIInterfaceOrientationPortrait UIInterfaceOrientationPortraitUpsideDown UIInterfaceOrientationLandscapeLeft UIInterfaceOrientationLandscapeRight";
				INFOPLIST_KEY_UISupportedInterfaceOrientations_iPhone = "UIInterfaceOrientationPortrait UIInterfaceOrientationLandscapeLeft UIInterfaceOrientationLandscapeRight";
				IPHONEOS_DEPLOYMENT_TARGET = 16.4;
				LD_RUNPATH_SEARCH_PATHS = "@executable_path/Frameworks";
				"LD_RUNPATH_SEARCH_PATHS[sdk=macosx*]" = "@executable_path/../Frameworks";
				MACOSX_DEPLOYMENT_TARGET = 13.1;
				MARKETING_VERSION = 1.0;
				PRODUCT_BUNDLE_IDENTIFIER = "GholuSaha.Luxmi-iOS";
				PRODUCT_NAME = "$(TARGET_NAME)";
				PROVISIONING_PROFILE_SPECIFIER = "";
				SDKROOT = auto;
				SUPPORTED_PLATFORMS = "iphoneos iphonesimulator macosx";
				SWIFT_EMIT_LOC_STRINGS = YES;
				SWIFT_VERSION = 5.0;
				TARGETED_DEVICE_FAMILY = "1,2";
			};
			name = Debug;
		};
		832ABAE22A0C856A00CB5214 /* Release */ = {
			isa = XCBuildConfiguration;
			buildSettings = {
				ASSETCATALOG_COMPILER_APPICON_NAME = AppIcon;
				ASSETCATALOG_COMPILER_GLOBAL_ACCENT_COLOR_NAME = AccentColor;
				CODE_SIGN_ENTITLEMENTS = Luxmi_iOS/Luxmi_iOS.entitlements;
				CODE_SIGN_IDENTITY = "Apple Development";
				CODE_SIGN_STYLE = Automatic;
				CURRENT_PROJECT_VERSION = 1;
				DEVELOPMENT_ASSET_PATHS = "\"Luxmi_iOS/Preview Content\"";
				DEVELOPMENT_TEAM = ZA8B4R878A;
				ENABLE_HARDENED_RUNTIME = YES;
				ENABLE_PREVIEWS = YES;
				GENERATE_INFOPLIST_FILE = YES;
				INFOPLIST_FILE = "Luxmi-iOS-Info.plist";
				INFOPLIST_KEY_LSApplicationCategoryType = "public.app-category.finance";
				"INFOPLIST_KEY_UIApplicationSceneManifest_Generation[sdk=iphoneos*]" = YES;
				"INFOPLIST_KEY_UIApplicationSceneManifest_Generation[sdk=iphonesimulator*]" = YES;
				"INFOPLIST_KEY_UIApplicationSupportsIndirectInputEvents[sdk=iphoneos*]" = YES;
				"INFOPLIST_KEY_UIApplicationSupportsIndirectInputEvents[sdk=iphonesimulator*]" = YES;
				"INFOPLIST_KEY_UILaunchScreen_Generation[sdk=iphoneos*]" = YES;
				"INFOPLIST_KEY_UILaunchScreen_Generation[sdk=iphonesimulator*]" = YES;
				"INFOPLIST_KEY_UIStatusBarStyle[sdk=iphoneos*]" = UIStatusBarStyleDefault;
				"INFOPLIST_KEY_UIStatusBarStyle[sdk=iphonesimulator*]" = UIStatusBarStyleDefault;
				INFOPLIST_KEY_UISupportedInterfaceOrientations_iPad = "UIInterfaceOrientationPortrait UIInterfaceOrientationPortraitUpsideDown UIInterfaceOrientationLandscapeLeft UIInterfaceOrientationLandscapeRight";
				INFOPLIST_KEY_UISupportedInterfaceOrientations_iPhone = "UIInterfaceOrientationPortrait UIInterfaceOrientationLandscapeLeft UIInterfaceOrientationLandscapeRight";
				IPHONEOS_DEPLOYMENT_TARGET = 16.4;
				LD_RUNPATH_SEARCH_PATHS = "@executable_path/Frameworks";
				"LD_RUNPATH_SEARCH_PATHS[sdk=macosx*]" = "@executable_path/../Frameworks";
				MACOSX_DEPLOYMENT_TARGET = 13.1;
				MARKETING_VERSION = 1.0;
				PRODUCT_BUNDLE_IDENTIFIER = "GholuSaha.Luxmi-iOS";
				PRODUCT_NAME = "$(TARGET_NAME)";
				PROVISIONING_PROFILE_SPECIFIER = "";
				SDKROOT = auto;
				SUPPORTED_PLATFORMS = "iphoneos iphonesimulator macosx";
				SWIFT_EMIT_LOC_STRINGS = YES;
				SWIFT_VERSION = 5.0;
				TARGETED_DEVICE_FAMILY = "1,2";
			};
			name = Release;
		};
/* End XCBuildConfiguration section */

/* Begin XCConfigurationList section */
		832ABACC2A0C856800CB5214 /* Build configuration list for PBXProject "Luxmi_iOS" */ = {
			isa = XCConfigurationList;
			buildConfigurations = (
				832ABADE2A0C856A00CB5214 /* Debug */,
				832ABADF2A0C856A00CB5214 /* Release */,
			);
			defaultConfigurationIsVisible = 0;
			defaultConfigurationName = Release;
		};
		832ABAE02A0C856A00CB5214 /* Build configuration list for PBXNativeTarget "Luxmi_iOS" */ = {
			isa = XCConfigurationList;
			buildConfigurations = (
				832ABAE12A0C856A00CB5214 /* Debug */,
				832ABAE22A0C856A00CB5214 /* Release */,
			);
			defaultConfigurationIsVisible = 0;
			defaultConfigurationName = Release;
		};
/* End XCConfigurationList section */

/* Begin XCRemoteSwiftPackageReference section */
		832ABAE52A0C8DF100CB5214 /* XCRemoteSwiftPackageReference "firebase-ios-sdk" */ = {
			isa = XCRemoteSwiftPackageReference;
			repositoryURL = "https://github.com/firebase/firebase-ios-sdk";
			requirement = {
				kind = exactVersion;
				version = 10.4.0;
			};
		};
		835C3FDC2A10955000CF2F39 /* XCRemoteSwiftPackageReference "GoogleSignin-iOS" */ = {
			isa = XCRemoteSwiftPackageReference;
			repositoryURL = "https://github.com/google/GoogleSignin-iOS/";
			requirement = {
				kind = upToNextMajorVersion;
				minimumVersion = 7.0.0;
			};
		};
/* End XCRemoteSwiftPackageReference section */

/* Begin XCSwiftPackageProductDependency section */
		832ABAE62A0C8DF100CB5214 /* FirebaseAnalytics */ = {
			isa = XCSwiftPackageProductDependency;
			package = 832ABAE52A0C8DF100CB5214 /* XCRemoteSwiftPackageReference "firebase-ios-sdk" */;
			productName = FirebaseAnalytics;
		};
		832ABAE82A0C8DF100CB5214 /* FirebaseAnalyticsSwift */ = {
			isa = XCSwiftPackageProductDependency;
			package = 832ABAE52A0C8DF100CB5214 /* XCRemoteSwiftPackageReference "firebase-ios-sdk" */;
			productName = FirebaseAnalyticsSwift;
		};
		832ABAEB2A0C990000CB5214 /* FirebaseAuth */ = {
			isa = XCSwiftPackageProductDependency;
			package = 832ABAE52A0C8DF100CB5214 /* XCRemoteSwiftPackageReference "firebase-ios-sdk" */;
			productName = FirebaseAuth;
		};
		835C3FDD2A10955000CF2F39 /* GoogleSignIn */ = {
			isa = XCSwiftPackageProductDependency;
			package = 835C3FDC2A10955000CF2F39 /* XCRemoteSwiftPackageReference "GoogleSignin-iOS" */;
			productName = GoogleSignIn;
		};
		835C3FDF2A10955000CF2F39 /* GoogleSignInSwift */ = {
			isa = XCSwiftPackageProductDependency;
			package = 835C3FDC2A10955000CF2F39 /* XCRemoteSwiftPackageReference "GoogleSignin-iOS" */;
			productName = GoogleSignInSwift;
		};
/* End XCSwiftPackageProductDependency section */
	};
	rootObject = 832ABAC92A0C856800CB5214 /* Project object */;
}
